
Microsoft Visual Studio Solution File, Format Version 12.00
# Visual Studio Version 17
VisualStudioVersion = 17.8.34227.203
MinimumVisualStudioVersion = 10.0.40219.1
Project("{FAE04EC0-301F-11D3-BF4B-00C04F79EFBC}") = "Assemblies", "Assemblies.csproj", "{46BED73E-9954-442C-915E-9B046D33ACBA}"
EndProject
Project("{FAE04EC0-301F-11D3-BF4B-00C04F79EFBC}") = "DemoLib", "..\DemoLib\DemoLib.csproj", "{43DBD744-6F5F-4FA8-A05F-74DAA797FAB2}"
EndProject
Global
	GlobalSection(SolutionConfigurationPlatforms) = preSolution
		Debug|Any CPU = Debug|Any CPU
		Release|Any CPU = Release|Any CPU
	EndGlobalSection
	GlobalSection(ProjectConfigurationPlatforms) = postSolution
		{46BED73E-9954-442C-915E-9B046D33ACBA}.Debug|Any CPU.ActiveCfg = Debug|Any CPU
		{46BED73E-9954-442C-915E-9B046D33ACBA}.Debug|Any CPU.Build.0 = Debug|Any CPU
		{46BED73E-9954-442C-915E-9B046D33ACBA}.Release|Any CPU.ActiveCfg = Release|Any CPU
		{46BED73E-9954-442C-915E-9B046D33ACBA}.Release|Any CPU.Build.0 = Release|Any CPU
		{43DBD744-6F5F-4FA8-A05F-74DAA797FAB2}.Debug|Any CPU.ActiveCfg = Debug|Any CPU
		{43DBD744-6F5F-4FA8-A05F-74DAA797FAB2}.Debug|Any CPU.Build.0 = Debug|Any CPU
		{43DBD744-6F5F-4FA8-A05F-74DAA797FAB2}.Release|Any CPU.ActiveCfg = Release|Any CPU
		{43DBD744-6F5F-4FA8-A05F-74DAA797FAB2}.Release|Any CPU.Build.0 = Release|Any CPU
	EndGlobalSection
	GlobalSection(SolutionProperties) = preSolution
		HideSolutionNode = FALSE
	EndGlobalSection
	GlobalSection(ExtensibilityGlobals) = postSolution
		SolutionGuid = {1BE0893B-3F26-41CF-83BA-960E3E0541BF}
	EndGlobalSection
EndGlobal
