
Microsoft Visual Studio Solution File, Format Version 12.00
# Visual Studio Version 17
VisualStudioVersion = 17.8.34227.203
MinimumVisualStudioVersion = 10.0.40219.1
Project("{FAE04EC0-301F-11D3-BF4B-00C04F79EFBC}") = "TabContral", "TabContral.csproj", "{0F066564-F58C-4C29-8380-8FB5C0BDDE74}"
EndProject
Global
	GlobalSection(SolutionConfigurationPlatforms) = preSolution
		Debug|Any CPU = Debug|Any CPU
		Release|Any CPU = Release|Any CPU
	EndGlobalSection
	GlobalSection(ProjectConfigurationPlatforms) = postSolution
		{0F066564-F58C-4C29-8380-8FB5C0BDDE74}.Debug|Any CPU.ActiveCfg = Debug|Any CPU
		{0F066564-F58C-4C29-8380-8FB5C0BDDE74}.Debug|Any CPU.Build.0 = Debug|Any CPU
		{0F066564-F58C-4C29-8380-8FB5C0BDDE74}.Release|Any CPU.ActiveCfg = Release|Any CPU
		{0F066564-F58C-4C29-8380-8FB5C0BDDE74}.Release|Any CPU.Build.0 = Release|Any CPU
	EndGlobalSection
	GlobalSection(SolutionProperties) = preSolution
		HideSolutionNode = FALSE
	EndGlobalSection
	GlobalSection(ExtensibilityGlobals) = postSolution
		SolutionGuid = {E98A387F-AB3F-4DA8-9015-8FD0E3E30DD1}
	EndGlobalSection
EndGlobal
