
Microsoft Visual Studio Solution File, Format Version 12.00
# Visual Studio Version 17
VisualStudioVersion = 17.8.34227.203
MinimumVisualStudioVersion = 10.0.40219.1
Project("{FAE04EC0-301F-11D3-BF4B-00C04F79EFBC}") = "CheckCaseStatement", "CheckCaseStatement.csproj", "{CEB70891-F54F-4E18-A50D-2643D0640C05}"
EndProject
Global
	GlobalSection(SolutionConfigurationPlatforms) = preSolution
		Debug|Any CPU = Debug|Any CPU
		Release|Any CPU = Release|Any CPU
	EndGlobalSection
	GlobalSection(ProjectConfigurationPlatforms) = postSolution
		{CEB70891-F54F-4E18-A50D-2643D0640C05}.Debug|Any CPU.ActiveCfg = Debug|Any CPU
		{CEB70891-F54F-4E18-A50D-2643D0640C05}.Debug|Any CPU.Build.0 = Debug|Any CPU
		{CEB70891-F54F-4E18-A50D-2643D0640C05}.Release|Any CPU.ActiveCfg = Release|Any CPU
		{CEB70891-F54F-4E18-A50D-2643D0640C05}.Release|Any CPU.Build.0 = Release|Any CPU
	EndGlobalSection
	GlobalSection(SolutionProperties) = preSolution
		HideSolutionNode = FALSE
	EndGlobalSection
	GlobalSection(ExtensibilityGlobals) = postSolution
		SolutionGuid = {08A17FC5-B714-44F8-A481-CBAC7FF8F433}
	EndGlobalSection
EndGlobal
