
Microsoft Visual Studio Solution File, Format Version 12.00
# Visual Studio Version 17
VisualStudioVersion = 17.8.34227.203
MinimumVisualStudioVersion = 10.0.40219.1
Project("{FAE04EC0-301F-11D3-BF4B-00C04F79EFBC}") = "AudioApis", "AudioApis.csproj", "{FE263284-FB39-4C1A-81C7-DC5DF98731E4}"
EndProject
Global
	GlobalSection(SolutionConfigurationPlatforms) = preSolution
		Debug|Any CPU = Debug|Any CPU
		Release|Any CPU = Release|Any CPU
	EndGlobalSection
	GlobalSection(ProjectConfigurationPlatforms) = postSolution
		{FE263284-FB39-4C1A-81C7-DC5DF98731E4}.Debug|Any CPU.ActiveCfg = Debug|Any CPU
		{FE263284-FB39-4C1A-81C7-DC5DF98731E4}.Debug|Any CPU.Build.0 = Debug|Any CPU
		{FE263284-FB39-4C1A-81C7-DC5DF98731E4}.Release|Any CPU.ActiveCfg = Release|Any CPU
		{FE263284-FB39-4C1A-81C7-DC5DF98731E4}.Release|Any CPU.Build.0 = Release|Any CPU
	EndGlobalSection
	GlobalSection(SolutionProperties) = preSolution
		HideSolutionNode = FALSE
	EndGlobalSection
	GlobalSection(ExtensibilityGlobals) = postSolution
		SolutionGuid = {24954172-1E90-48C3-9C04-F0092DEE65F1}
	EndGlobalSection
EndGlobal
