
Microsoft Visual Studio Solution File, Format Version 12.00
# Visual Studio Version 17
VisualStudioVersion = 17.8.34227.203
MinimumVisualStudioVersion = 10.0.40219.1
Project("{FAE04EC0-301F-11D3-BF4B-00C04F79EFBC}") = "Login", "Login.csproj", "{69F41E77-0144-4AC2-B60F-36292C12E432}"
EndProject
Global
	GlobalSection(SolutionConfigurationPlatforms) = preSolution
		Debug|Any CPU = Debug|Any CPU
		Release|Any CPU = Release|Any CPU
	EndGlobalSection
	GlobalSection(ProjectConfigurationPlatforms) = postSolution
		{69F41E77-0144-4AC2-B60F-36292C12E432}.Debug|Any CPU.ActiveCfg = Debug|Any CPU
		{69F41E77-0144-4AC2-B60F-36292C12E432}.Debug|Any CPU.Build.0 = Debug|Any CPU
		{69F41E77-0144-4AC2-B60F-36292C12E432}.Release|Any CPU.ActiveCfg = Release|Any CPU
		{69F41E77-0144-4AC2-B60F-36292C12E432}.Release|Any CPU.Build.0 = Release|Any CPU
	EndGlobalSection
	GlobalSection(SolutionProperties) = preSolution
		HideSolutionNode = FALSE
	EndGlobalSection
	GlobalSection(ExtensibilityGlobals) = postSolution
		SolutionGuid = {60E020EC-227B-4227-9692-3721A0B132BA}
	EndGlobalSection
EndGlobal
