
Microsoft Visual Studio Solution File, Format Version 12.00
# Visual Studio Version 17
VisualStudioVersion = 17.8.34227.203
MinimumVisualStudioVersion = 10.0.40219.1
Project("{FAE04EC0-301F-11D3-BF4B-00C04F79EFBC}") = "Hashing", "Hashing.csproj", "{0642B6F1-74F0-4F8F-A2C3-3DAFA229D51C}"
EndProject
Global
	GlobalSection(SolutionConfigurationPlatforms) = preSolution
		Debug|Any CPU = Debug|Any CPU
		Release|Any CPU = Release|Any CPU
	EndGlobalSection
	GlobalSection(ProjectConfigurationPlatforms) = postSolution
		{0642B6F1-74F0-4F8F-A2C3-3DAFA229D51C}.Debug|Any CPU.ActiveCfg = Debug|Any CPU
		{0642B6F1-74F0-4F8F-A2C3-3DAFA229D51C}.Debug|Any CPU.Build.0 = Debug|Any CPU
		{0642B6F1-74F0-4F8F-A2C3-3DAFA229D51C}.Release|Any CPU.ActiveCfg = Release|Any CPU
		{0642B6F1-74F0-4F8F-A2C3-3DAFA229D51C}.Release|Any CPU.Build.0 = Release|Any CPU
	EndGlobalSection
	GlobalSection(SolutionProperties) = preSolution
		HideSolutionNode = FALSE
	EndGlobalSection
	GlobalSection(ExtensibilityGlobals) = postSolution
		SolutionGuid = {7DDD0304-7BDB-48E9-A97C-3B21F04C7540}
	EndGlobalSection
EndGlobal
