
Microsoft Visual Studio Solution File, Format Version 12.00
# Visual Studio Version 17
VisualStudioVersion = 17.8.34227.203
MinimumVisualStudioVersion = 10.0.40219.1
Project("{FAE04EC0-301F-11D3-BF4B-00C04F79EFBC}") = "Period", "Period.csproj", "{D32EF709-9C65-47BF-93E3-DB6FCD0B841E}"
EndProject
Global
	GlobalSection(SolutionConfigurationPlatforms) = preSolution
		Debug|Any CPU = Debug|Any CPU
		Release|Any CPU = Release|Any CPU
	EndGlobalSection
	GlobalSection(ProjectConfigurationPlatforms) = postSolution
		{D32EF709-9C65-47BF-93E3-DB6FCD0B841E}.Debug|Any CPU.ActiveCfg = Debug|Any CPU
		{D32EF709-9C65-47BF-93E3-DB6FCD0B841E}.Debug|Any CPU.Build.0 = Debug|Any CPU
		{D32EF709-9C65-47BF-93E3-DB6FCD0B841E}.Release|Any CPU.ActiveCfg = Release|Any CPU
		{D32EF709-9C65-47BF-93E3-DB6FCD0B841E}.Release|Any CPU.Build.0 = Release|Any CPU
	EndGlobalSection
	GlobalSection(SolutionProperties) = preSolution
		HideSolutionNode = FALSE
	EndGlobalSection
	GlobalSection(ExtensibilityGlobals) = postSolution
		SolutionGuid = {89BB3F0B-66FC-44D6-A89C-5CFBCD2EFB01}
	EndGlobalSection
EndGlobal
