
Microsoft Visual Studio Solution File, Format Version 12.00
# Visual Studio Version 17
VisualStudioVersion = 17.8.34227.203
MinimumVisualStudioVersion = 10.0.40219.1
Project("{FAE04EC0-301F-11D3-BF4B-00C04F79EFBC}") = "Threading", "Threading.csproj", "{F17CFF9C-FFC2-4387-848A-6744CD52F3B9}"
EndProject
Global
	GlobalSection(SolutionConfigurationPlatforms) = preSolution
		Debug|Any CPU = Debug|Any CPU
		Release|Any CPU = Release|Any CPU
	EndGlobalSection
	GlobalSection(ProjectConfigurationPlatforms) = postSolution
		{F17CFF9C-FFC2-4387-848A-6744CD52F3B9}.Debug|Any CPU.ActiveCfg = Debug|Any CPU
		{F17CFF9C-FFC2-4387-848A-6744CD52F3B9}.Debug|Any CPU.Build.0 = Debug|Any CPU
		{F17CFF9C-FFC2-4387-848A-6744CD52F3B9}.Release|Any CPU.ActiveCfg = Release|Any CPU
		{F17CFF9C-FFC2-4387-848A-6744CD52F3B9}.Release|Any CPU.Build.0 = Release|Any CPU
	EndGlobalSection
	GlobalSection(SolutionProperties) = preSolution
		HideSolutionNode = FALSE
	EndGlobalSection
	GlobalSection(ExtensibilityGlobals) = postSolution
		SolutionGuid = {33C0B2FF-BD80-471B-8BF1-5E14D9A2FC19}
	EndGlobalSection
EndGlobal
