
Microsoft Visual Studio Solution File, Format Version 12.00
# Visual Studio Version 17
VisualStudioVersion = 17.8.34227.203
MinimumVisualStudioVersion = 10.0.40219.1
Project("{FAE04EC0-301F-11D3-BF4B-00C04F79EFBC}") = "TrafficLightProject", "TrafficLightProject.csproj", "{8C526F19-DE1B-4F11-AEA2-699BF230540A}"
EndProject
Global
	GlobalSection(SolutionConfigurationPlatforms) = preSolution
		Debug|Any CPU = Debug|Any CPU
		Release|Any CPU = Release|Any CPU
	EndGlobalSection
	GlobalSection(ProjectConfigurationPlatforms) = postSolution
		{8C526F19-DE1B-4F11-AEA2-699BF230540A}.Debug|Any CPU.ActiveCfg = Debug|Any CPU
		{8C526F19-DE1B-4F11-AEA2-699BF230540A}.Debug|Any CPU.Build.0 = Debug|Any CPU
		{8C526F19-DE1B-4F11-AEA2-699BF230540A}.Release|Any CPU.ActiveCfg = Release|Any CPU
		{8C526F19-DE1B-4F11-AEA2-699BF230540A}.Release|Any CPU.Build.0 = Release|Any CPU
	EndGlobalSection
	GlobalSection(SolutionProperties) = preSolution
		HideSolutionNode = FALSE
	EndGlobalSection
	GlobalSection(ExtensibilityGlobals) = postSolution
		SolutionGuid = {A1945B14-A36A-422D-8D47-A0AB5D4C50C8}
	EndGlobalSection
EndGlobal
