
Microsoft Visual Studio Solution File, Format Version 12.00
# Visual Studio Version 17
VisualStudioVersion = 17.8.34227.203
MinimumVisualStudioVersion = 10.0.40219.1
Project("{FAE04EC0-301F-11D3-BF4B-00C04F79EFBC}") = "UsersContrals", "UsersContrals.csproj", "{DD25076B-ABEB-4794-B052-A0C5EECAB45A}"
EndProject
Global
	GlobalSection(SolutionConfigurationPlatforms) = preSolution
		Debug|Any CPU = Debug|Any CPU
		Release|Any CPU = Release|Any CPU
	EndGlobalSection
	GlobalSection(ProjectConfigurationPlatforms) = postSolution
		{DD25076B-ABEB-4794-B052-A0C5EECAB45A}.Debug|Any CPU.ActiveCfg = Debug|Any CPU
		{DD25076B-ABEB-4794-B052-A0C5EECAB45A}.Debug|Any CPU.Build.0 = Debug|Any CPU
		{DD25076B-ABEB-4794-B052-A0C5EECAB45A}.Release|Any CPU.ActiveCfg = Release|Any CPU
		{DD25076B-ABEB-4794-B052-A0C5EECAB45A}.Release|Any CPU.Build.0 = Release|Any CPU
	EndGlobalSection
	GlobalSection(SolutionProperties) = preSolution
		HideSolutionNode = FALSE
	EndGlobalSection
	GlobalSection(ExtensibilityGlobals) = postSolution
		SolutionGuid = {6BBF8813-94A9-46B0-90EF-F0C816F16B59}
	EndGlobalSection
EndGlobal
