
Microsoft Visual Studio Solution File, Format Version 12.00
# Visual Studio Version 17
VisualStudioVersion = 17.8.34227.203
MinimumVisualStudioVersion = 10.0.40219.1
Project("{FAE04EC0-301F-11D3-BF4B-00C04F79EFBC}") = "AsynchronousclsTask", "AsynchronousclsTask.csproj", "{74F21595-4B3A-4C41-8F1A-581B671C18FD}"
EndProject
Global
	GlobalSection(SolutionConfigurationPlatforms) = preSolution
		Debug|Any CPU = Debug|Any CPU
		Release|Any CPU = Release|Any CPU
	EndGlobalSection
	GlobalSection(ProjectConfigurationPlatforms) = postSolution
		{74F21595-4B3A-4C41-8F1A-581B671C18FD}.Debug|Any CPU.ActiveCfg = Debug|Any CPU
		{74F21595-4B3A-4C41-8F1A-581B671C18FD}.Debug|Any CPU.Build.0 = Debug|Any CPU
		{74F21595-4B3A-4C41-8F1A-581B671C18FD}.Release|Any CPU.ActiveCfg = Release|Any CPU
		{74F21595-4B3A-4C41-8F1A-581B671C18FD}.Release|Any CPU.Build.0 = Release|Any CPU
	EndGlobalSection
	GlobalSection(SolutionProperties) = preSolution
		HideSolutionNode = FALSE
	EndGlobalSection
	GlobalSection(ExtensibilityGlobals) = postSolution
		SolutionGuid = {4EDA0D9C-2BA4-4085-95CB-5C15D0E920A0}
	EndGlobalSection
EndGlobal
