
Microsoft Visual Studio Solution File, Format Version 12.00
# Visual Studio Version 17
VisualStudioVersion = 17.8.34227.203
MinimumVisualStudioVersion = 10.0.40219.1
Project("{FAE04EC0-301F-11D3-BF4B-00C04F79EFBC}") = "Asynchronous", "Asynchronous.csproj", "{B6279FCC-1AF6-45BD-8A19-D38DA83B5CBE}"
EndProject
Global
	GlobalSection(SolutionConfigurationPlatforms) = preSolution
		Debug|Any CPU = Debug|Any CPU
		Release|Any CPU = Release|Any CPU
	EndGlobalSection
	GlobalSection(ProjectConfigurationPlatforms) = postSolution
		{B6279FCC-1AF6-45BD-8A19-D38DA83B5CBE}.Debug|Any CPU.ActiveCfg = Debug|Any CPU
		{B6279FCC-1AF6-45BD-8A19-D38DA83B5CBE}.Debug|Any CPU.Build.0 = Debug|Any CPU
		{B6279FCC-1AF6-45BD-8A19-D38DA83B5CBE}.Release|Any CPU.ActiveCfg = Release|Any CPU
		{B6279FCC-1AF6-45BD-8A19-D38DA83B5CBE}.Release|Any CPU.Build.0 = Release|Any CPU
	EndGlobalSection
	GlobalSection(SolutionProperties) = preSolution
		HideSolutionNode = FALSE
	EndGlobalSection
	GlobalSection(ExtensibilityGlobals) = postSolution
		SolutionGuid = {D25D14BF-158D-48A3-AD62-0229C03AE8F0}
	EndGlobalSection
EndGlobal
