
Microsoft Visual Studio Solution File, Format Version 12.00
# Visual Studio Version 17
VisualStudioVersion = 17.8.34227.203
MinimumVisualStudioVersion = 10.0.40219.1
Project("{FAE04EC0-301F-11D3-BF4B-00C04F79EFBC}") = "GUID", "GUID.csproj", "{4AFC4C14-4574-4028-AECC-0395C310B5AD}"
EndProject
Global
	GlobalSection(SolutionConfigurationPlatforms) = preSolution
		Debug|Any CPU = Debug|Any CPU
		Release|Any CPU = Release|Any CPU
	EndGlobalSection
	GlobalSection(ProjectConfigurationPlatforms) = postSolution
		{4AFC4C14-4574-4028-AECC-0395C310B5AD}.Debug|Any CPU.ActiveCfg = Debug|Any CPU
		{4AFC4C14-4574-4028-AECC-0395C310B5AD}.Debug|Any CPU.Build.0 = Debug|Any CPU
		{4AFC4C14-4574-4028-AECC-0395C310B5AD}.Release|Any CPU.ActiveCfg = Release|Any CPU
		{4AFC4C14-4574-4028-AECC-0395C310B5AD}.Release|Any CPU.Build.0 = Release|Any CPU
	EndGlobalSection
	GlobalSection(SolutionProperties) = preSolution
		HideSolutionNode = FALSE
	EndGlobalSection
	GlobalSection(ExtensibilityGlobals) = postSolution
		SolutionGuid = {B2960CAD-FD7D-4358-97BE-7F0FDDAAD51B}
	EndGlobalSection
EndGlobal
